
Microsoft Visual Studio Solution File, Format Version 12.00
# Visual Studio Version 16
VisualStudioVersion = 16.0.31729.503
MinimumVisualStudioVersion = 10.0.40219.1
Project("{151D2E53-A2C4-4D7D-83FE-D05416EBD58E}") = "HWS-AzureDeployV5.1", "HWS-AzureDeployV5.1.deployproj", "{C936DAD4-163A-4320-AEA2-EC0BA506FBC2}"
EndProject
Global
	GlobalSection(SolutionConfigurationPlatforms) = preSolution
		Debug|Any CPU = Debug|Any CPU
		Release|Any CPU = Release|Any CPU
	EndGlobalSection
	GlobalSection(ProjectConfigurationPlatforms) = postSolution
		{C936DAD4-163A-4320-AEA2-EC0BA506FBC2}.Debug|Any CPU.ActiveCfg = Debug|Any CPU
		{C936DAD4-163A-4320-AEA2-EC0BA506FBC2}.Debug|Any CPU.Build.0 = Debug|Any CPU
		{C936DAD4-163A-4320-AEA2-EC0BA506FBC2}.Release|Any CPU.ActiveCfg = Release|Any CPU
		{C936DAD4-163A-4320-AEA2-EC0BA506FBC2}.Release|Any CPU.Build.0 = Release|Any CPU
	EndGlobalSection
	GlobalSection(SolutionProperties) = preSolution
		HideSolutionNode = FALSE
	EndGlobalSection
	GlobalSection(ExtensibilityGlobals) = postSolution
		SolutionGuid = {75EE5D9F-D208-4B7C-8FFE-89D5F53F0C96}
	EndGlobalSection
EndGlobal
